lockfileVersion: '9.0'

settings:
  autoInstallPeers: true
  excludeLinksFromLockfile: false

importers:

  .: {}

  packages/project-state:
    dependencies:
      prosemirror-state:
        specifier: 1.4.3
        version: 1.4.3
    devDependencies:
      typescript:
        specifier: 5.9.3
        version: 5.9.3

packages:

  orderedmap@2.1.1:
    resolution: {integrity: sha512-TvAWxi0nDe1j/rtMcWcIj94+Ffe6n7zhow33h40SKxmsmozs6dz/e+EajymfoFcHd7sxNn8yHM8839uixMOV6g==}

  prosemirror-model@1.25.3:
    resolution: {integrity: sha512-dY2HdaNXlARknJbrManZ1WyUtos+AP97AmvqdOQtWtrrC5g4mohVX5DTi9rXNFSk09eczLq9GuNTtq3EfMeMGA==}

  prosemirror-state@1.4.3:
    resolution: {integrity: sha512-goFKORVbvPuAQaXhpbemJFRKJ2aixr+AZMGiquiqKxaucC6hlpHNZHWgz5R7dS4roHiwq9vDctE//CZ++o0W1Q==}

  prosemirror-transform@1.10.4:
    resolution: {integrity: sha512-pwDy22nAnGqNR1feOQKHxoFkkUtepoFAd3r2hbEDsnf4wp57kKA36hXsB3njA9FtONBEwSDnDeCiJe+ItD+ykw==}

  prosemirror-view@1.41.3:
    resolution: {integrity: sha512-SqMiYMUQNNBP9kfPhLO8WXEk/fon47vc52FQsUiJzTBuyjKgEcoAwMyF04eQ4WZ2ArMn7+ReypYL60aKngbACQ==}

  typescript@5.9.3:
    resolution: {integrity: sha512-jl1vZzPDinLr9eUt3J/t7V6FgNEw9QjvBPdysz9KfQDD41fQrC2Y4vKQdiaUpFT4bXlb1RHhLpp8wtm6M5TgSw==}
    engines: {node: '>=14.17'}
    hasBin: true

snapshots:

  orderedmap@2.1.1: {}

  prosemirror-model@1.25.3:
    dependencies:
      orderedmap: 2.1.1

  prosemirror-state@1.4.3:
    dependencies:
      prosemirror-model: 1.25.3
      prosemirror-transform: 1.10.4
      prosemirror-view: 1.41.3

  prosemirror-transform@1.10.4:
    dependencies:
      prosemirror-model: 1.25.3

  prosemirror-view@1.41.3:
    dependencies:
      prosemirror-model: 1.25.3
      prosemirror-state: 1.4.3
      prosemirror-transform: 1.10.4

  typescript@5.9.3: {}
